// !$*UTF8*$!
{
	archiveVersion = 1;
	classes = {
	};
	objectVersion = 56;
	objects = {

/* Begin PBXBuildFile section */
		E093C77DBF635D092557A85F /* Pods_swift_test_2704.framework in Frameworks */ = {isa = PBXBuildFile; fileRef = 6765BB2B185F84EC200A2FB8 /* Pods_swift_test_2704.framework */; };
		EB0F431D2BDCBE83006D2FB0 /* AppDelegate.swift in Sources */ = {isa = PBXBuildFile; fileRef = EB0F431C2BDCBE83006D2FB0 /* AppDelegate.swift */; };
		EB0F431F2BDCBE83006D2FB0 /* SceneDelegate.swift in Sources */ = {isa = PBXBuildFile; fileRef = EB0F431E2BDCBE83006D2FB0 /* SceneDelegate.swift */; };
		EB0F43242BDCBE83006D2FB0 /* Base in Resources */ = {isa = PBXBuildFile; fileRef = EB0F43232BDCBE83006D2FB0 /* Base */; };
		EB0F43262BDCBE86006D2FB0 /* Assets.xcassets in Resources */ = {isa = PBXBuildFile; fileRef = EB0F43252BDCBE86006D2FB0 /* Assets.xcassets */; };
		EB0F43292BDCBE86006D2FB0 /* Base in Resources */ = {isa = PBXBuildFile; fileRef = EB0F43282BDCBE86006D2FB0 /* Base */; };
		EB0F43322BDCC42E006D2FB0 /* LoginPageViewController.swift in Sources */ = {isa = PBXBuildFile; fileRef = EB0F43312BDCC42E006D2FB0 /* LoginPageViewController.swift */; };
		EB0F43342BDCCD52006D2FB0 /* HomePageViewController.swift in Sources */ = {isa = PBXBuildFile; fileRef = EB0F43332BDCCD52006D2FB0 /* HomePageViewController.swift */; };
		EB0F43362BDCCD66006D2FB0 /* ProfilePageViewController.swift in Sources */ = {isa = PBXBuildFile; fileRef = EB0F43352BDCCD66006D2FB0 /* ProfilePageViewController.swift */; };
		EB0F43382BDCD3E8006D2FB0 /* HomeTabBarController.swift in Sources */ = {isa = PBXBuildFile; fileRef = EB0F43372BDCD3E8006D2FB0 /* HomeTabBarController.swift */; };
		EB0F433A2BDCD967006D2FB0 /* UpdatingDetailViewController.swift in Sources */ = {isa = PBXBuildFile; fileRef = EB0F43392BDCD967006D2FB0 /* UpdatingDetailViewController.swift */; };
		EB0F43402BDCFB88006D2FB0 /* Extension+UITextField.swift in Sources */ = {isa = PBXBuildFile; fileRef = EB0F433F2BDCFB88006D2FB0 /* Extension+UITextField.swift */; };
		EB0F43422BDCFBE0006D2FB0 /* UpdateDetailViewModel.swift in Sources */ = {isa = PBXBuildFile; fileRef = EB0F43412BDCFBE0006D2FB0 /* UpdateDetailViewModel.swift */; };
		EB62B1D42BDCFEE700036C15 /* user.json in Resources */ = {isa = PBXBuildFile; fileRef = EB62B1D32BDCFEE700036C15 /* user.json */; };
		EB62B1D72BDCFF3700036C15 /* User.swift in Sources */ = {isa = PBXBuildFile; fileRef = EB62B1D62BDCFF3700036C15 /* User.swift */; };
		EB62B1D92BDD03B500036C15 /* HomePageViewModel.swift in Sources */ = {isa = PBXBuildFile; fileRef = EB62B1D82BDD03B500036C15 /* HomePageViewModel.swift */; };
		EB62B1DC2BDD054800036C15 /* ObservableObject.swift in Sources */ = {isa = PBXBuildFile; fileRef = EB62B1DB2BDD054800036C15 /* ObservableObject.swift */; };
		EB62B1E12BDD0F4500036C15 /* UserContactCell.swift in Sources */ = {isa = PBXBuildFile; fileRef = EB62B1DF2BDD0F4500036C15 /* UserContactCell.swift */; };
		EB62B1E22BDD0F4500036C15 /* UserContactCell.xib in Resources */ = {isa = PBXBuildFile; fileRef = EB62B1E02BDD0F4500036C15 /* UserContactCell.xib */; };
		EB62B1E52BDD7AA400036C15 /* StorageManager.swift in Sources */ = {isa = PBXBuildFile; fileRef = EB62B1E42BDD7AA400036C15 /* StorageManager.swift */; };
		EB62B1E72BDD7BFF00036C15 /* ContactListResultViewController.swift in Sources */ = {isa = PBXBuildFile; fileRef = EB62B1E62BDD7BFF00036C15 /* ContactListResultViewController.swift */; };
		EB62B1E92BDE0D3C00036C15 /* LoginPageViewModel.swift in Sources */ = {isa = PBXBuildFile; fileRef = EB62B1E82BDE0D3C00036C15 /* LoginPageViewModel.swift */; };
		EB62B1EB2BDE0FEC00036C15 /* LocalDataManager.swift in Sources */ = {isa = PBXBuildFile; fileRef = EB62B1EA2BDE0FEC00036C15 /* LocalDataManager.swift */; };
		EB62B1ED2BDE2CA800036C15 /* ProfilePageViewModel.swift in Sources */ = {isa = PBXBuildFile; fileRef = EB62B1EC2BDE2CA800036C15 /* ProfilePageViewModel.swift */; };
		EB881E652BDE41B10045548E /* Extension+NotificationName.swift in Sources */ = {isa = PBXBuildFile; fileRef = EB881E642BDE41B10045548E /* Extension+NotificationName.swift */; };
/* End PBXBuildFile section */

/* Begin PBXFileReference section */
		6765BB2B185F84EC200A2FB8 /* Pods_swift_test_2704.framework */ = {isa = PBXFileReference; explicitFileType = wrapper.framework; includeInIndex = 0; path = Pods_swift_test_2704.framework; sourceTree = BUILT_PRODUCTS_DIR; };
		A259758B61A3779CDF64CF83 /* Pods-swift_test_2704.release.xcconfig */ = {isa = PBXFileReference; includeInIndex = 1; lastKnownFileType = text.xcconfig; name = "Pods-swift_test_2704.release.xcconfig"; path = "Target Support Files/Pods-swift_test_2704/Pods-swift_test_2704.release.xcconfig"; sourceTree = "<group>"; };
		EB0F43192BDCBE83006D2FB0 /* swift_test_2704.app */ = {isa = PBXFileReference; explicitFileType = wrapper.application; includeInIndex = 0; path = swift_test_2704.app; sourceTree = BUILT_PRODUCTS_DIR; };
		EB0F431C2BDCBE83006D2FB0 /* AppDelegate.swift */ = {isa = PBXFileReference; lastKnownFileType = sourcecode.swift; path = AppDelegate.swift; sourceTree = "<group>"; };
		EB0F431E2BDCBE83006D2FB0 /* SceneDelegate.swift */ = {isa = PBXFileReference; lastKnownFileType = sourcecode.swift; path = SceneDelegate.swift; sourceTree = "<group>"; };
		EB0F43232BDCBE83006D2FB0 /* Base */ = {isa = PBXFileReference; lastKnownFileType = file.storyboard; name = Base; path = Base.lproj/Main.storyboard; sourceTree = "<group>"; };
		EB0F43252BDCBE86006D2FB0 /* Assets.xcassets */ = {isa = PBXFileReference; lastKnownFileType = folder.assetcatalog; path = Assets.xcassets; sourceTree = "<group>"; };
		EB0F43282BDCBE86006D2FB0 /* Base */ = {isa = PBXFileReference; lastKnownFileType = file.storyboard; name = Base; path = Base.lproj/LaunchScreen.storyboard; sourceTree = "<group>"; };
		EB0F432A2BDCBE86006D2FB0 /* Info.plist */ = {isa = PBXFileReference; lastKnownFileType = text.plist.xml; path = Info.plist; sourceTree = "<group>"; };
		EB0F43312BDCC42E006D2FB0 /* LoginPageViewController.swift */ = {isa = PBXFileReference; lastKnownFileType = sourcecode.swift; path = LoginPageViewController.swift; sourceTree = "<group>"; };
		EB0F43332BDCCD52006D2FB0 /* HomePageViewController.swift */ = {isa = PBXFileReference; lastKnownFileType = sourcecode.swift; path = HomePageViewController.swift; sourceTree = "<group>"; };
		EB0F43352BDCCD66006D2FB0 /* ProfilePageViewController.swift */ = {isa = PBXFileReference; lastKnownFileType = sourcecode.swift; path = ProfilePageViewController.swift; sourceTree = "<group>"; };
		EB0F43372BDCD3E8006D2FB0 /* HomeTabBarController.swift */ = {isa = PBXFileReference; lastKnownFileType = sourcecode.swift; path = HomeTabBarController.swift; sourceTree = "<group>"; };
		EB0F43392BDCD967006D2FB0 /* UpdatingDetailViewController.swift */ = {isa = PBXFileReference; lastKnownFileType = sourcecode.swift; path = UpdatingDetailViewController.swift; sourceTree = "<group>"; };
		EB0F433F2BDCFB88006D2FB0 /* Extension+UITextField.swift */ = {isa = PBXFileReference; lastKnownFileType = sourcecode.swift; path = "Extension+UITextField.swift"; sourceTree = "<group>"; };
		EB0F43412BDCFBE0006D2FB0 /* UpdateDetailViewModel.swift */ = {isa = PBXFileReference; lastKnownFileType = sourcecode.swift; path = UpdateDetailViewModel.swift; sourceTree = "<group>"; };
		EB62B1D32BDCFEE700036C15 /* user.json */ = {isa = PBXFileReference; lastKnownFileType = text.json; path = user.json; sourceTree = "<group>"; };
		EB62B1D62BDCFF3700036C15 /* User.swift */ = {isa = PBXFileReference; lastKnownFileType = sourcecode.swift; path = User.swift; sourceTree = "<group>"; };
		EB62B1D82BDD03B500036C15 /* HomePageViewModel.swift */ = {isa = PBXFileReference; lastKnownFileType = sourcecode.swift; path = HomePageViewModel.swift; sourceTree = "<group>"; };
		EB62B1DB2BDD054800036C15 /* ObservableObject.swift */ = {isa = PBXFileReference; lastKnownFileType = sourcecode.swift; path = ObservableObject.swift; sourceTree = "<group>"; };
		EB62B1DF2BDD0F4500036C15 /* UserContactCell.swift */ = {isa = PBXFileReference; lastKnownFileType = sourcecode.swift; path = UserContactCell.swift; sourceTree = "<group>"; };
		EB62B1E02BDD0F4500036C15 /* UserContactCell.xib */ = {isa = PBXFileReference; lastKnownFileType = file.xib; path = UserContactCell.xib; sourceTree = "<group>"; };
		EB62B1E42BDD7AA400036C15 /* StorageManager.swift */ = {isa = PBXFileReference; lastKnownFileType = sourcecode.swift; path = StorageManager.swift; sourceTree = "<group>"; };
		EB62B1E62BDD7BFF00036C15 /* ContactListResultViewController.swift */ = {isa = PBXFileReference; lastKnownFileType = sourcecode.swift; path = ContactListResultViewController.swift; sourceTree = "<group>"; };
		EB62B1E82BDE0D3C00036C15 /* LoginPageViewModel.swift */ = {isa = PBXFileReference; lastKnownFileType = sourcecode.swift; path = LoginPageViewModel.swift; sourceTree = "<group>"; };
		EB62B1EA2BDE0FEC00036C15 /* LocalDataManager.swift */ = {isa = PBXFileReference; lastKnownFileType = sourcecode.swift; path = LocalDataManager.swift; sourceTree = "<group>"; };
		EB62B1EC2BDE2CA800036C15 /* ProfilePageViewModel.swift */ = {isa = PBXFileReference; lastKnownFileType = sourcecode.swift; path = ProfilePageViewModel.swift; sourceTree = "<group>"; };
		EB881E642BDE41B10045548E /* Extension+NotificationName.swift */ = {isa = PBXFileReference; lastKnownFileType = sourcecode.swift; path = "Extension+NotificationName.swift"; sourceTree = "<group>"; };
		F3EF380CBD0226496CD1463C /* Pods-swift_test_2704.debug.xcconfig */ = {isa = PBXFileReference; includeInIndex = 1; lastKnownFileType = text.xcconfig; name = "Pods-swift_test_2704.debug.xcconfig"; path = "Target Support Files/Pods-swift_test_2704/Pods-swift_test_2704.debug.xcconfig"; sourceTree = "<group>"; };
/* End PBXFileReference section */

/* Begin PBXFrameworksBuildPhase section */
		EB0F43162BDCBE83006D2FB0 /* Frameworks */ = {
			isa = PBXFrameworksBuildPhase;
			buildActionMask = 2147483647;
			files = (
				E093C77DBF635D092557A85F /* Pods_swift_test_2704.framework in Frameworks */,
			);
			runOnlyForDeploymentPostprocessing = 0;
		};
/* End PBXFrameworksBuildPhase section */

/* Begin PBXGroup section */
		880D4EA0816E0189A87537F4 /* Pods */ = {
			isa = PBXGroup;
			children = (
				F3EF380CBD0226496CD1463C /* Pods-swift_test_2704.debug.xcconfig */,
				A259758B61A3779CDF64CF83 /* Pods-swift_test_2704.release.xcconfig */,
			);
			path = Pods;
			sourceTree = "<group>";
		};
		C298E22B70365E509084C2BB /* Frameworks */ = {
			isa = PBXGroup;
			children = (
				6765BB2B185F84EC200A2FB8 /* Pods_swift_test_2704.framework */,
			);
			name = Frameworks;
			sourceTree = "<group>";
		};
		EB0F43102BDCBE83006D2FB0 = {
			isa = PBXGroup;
			children = (
				EB0F431B2BDCBE83006D2FB0 /* swift_test_2704 */,
				EB0F431A2BDCBE83006D2FB0 /* Products */,
				880D4EA0816E0189A87537F4 /* Pods */,
				C298E22B70365E509084C2BB /* Frameworks */,
			);
			sourceTree = "<group>";
		};
		EB0F431A2BDCBE83006D2FB0 /* Products */ = {
			isa = PBXGroup;
			children = (
				EB0F43192BDCBE83006D2FB0 /* swift_test_2704.app */,
			);
			name = Products;
			sourceTree = "<group>";
		};
		EB0F431B2BDCBE83006D2FB0 /* swift_test_2704 */ = {
			isa = PBXGroup;
			children = (
				EB62B1D52BDCFF2200036C15 /* Models */,
				EB0F433D2BDCFB68006D2FB0 /* Utils */,
				EB0F433C2BDCF977006D2FB0 /* ViewModels */,
				EB0F433B2BDCF94A006D2FB0 /* Views */,
				EB0F43302BDCC260006D2FB0 /* Supporting */,
				EB0F43222BDCBE83006D2FB0 /* Main.storyboard */,
				EB0F432A2BDCBE86006D2FB0 /* Info.plist */,
			);
			path = swift_test_2704;
			sourceTree = "<group>";
		};
		EB0F43302BDCC260006D2FB0 /* Supporting */ = {
			isa = PBXGroup;
			children = (
				EB0F431C2BDCBE83006D2FB0 /* AppDelegate.swift */,
				EB0F431E2BDCBE83006D2FB0 /* SceneDelegate.swift */,
				EB0F43252BDCBE86006D2FB0 /* Assets.xcassets */,
				EB0F43272BDCBE86006D2FB0 /* LaunchScreen.storyboard */,
				EB62B1D32BDCFEE700036C15 /* user.json */,
			);
			path = Supporting;
			sourceTree = "<group>";
		};
		EB0F433B2BDCF94A006D2FB0 /* Views */ = {
			isa = PBXGroup;
			children = (
				EB0F43372BDCD3E8006D2FB0 /* HomeTabBarController.swift */,
				EB0F43312BDCC42E006D2FB0 /* LoginPageViewController.swift */,
				EB0F43332BDCCD52006D2FB0 /* HomePageViewController.swift */,
				EB0F43352BDCCD66006D2FB0 /* ProfilePageViewController.swift */,
				EB0F43392BDCD967006D2FB0 /* UpdatingDetailViewController.swift */,
				EB62B1DF2BDD0F4500036C15 /* UserContactCell.swift */,
				EB62B1E02BDD0F4500036C15 /* UserContactCell.xib */,
				EB62B1E62BDD7BFF00036C15 /* ContactListResultViewController.swift */,
			);
			path = Views;
			sourceTree = "<group>";
		};
		EB0F433C2BDCF977006D2FB0 /* ViewModels */ = {
			isa = PBXGroup;
			children = (
				EB0F43412BDCFBE0006D2FB0 /* UpdateDetailViewModel.swift */,
				EB62B1D82BDD03B500036C15 /* HomePageViewModel.swift */,
				EB62B1E82BDE0D3C00036C15 /* LoginPageViewModel.swift */,
				EB62B1EC2BDE2CA800036C15 /* ProfilePageViewModel.swift */,
			);
			path = ViewModels;
			sourceTree = "<group>";
		};
		EB0F433D2BDCFB68006D2FB0 /* Utils */ = {
			isa = PBXGroup;
			children = (
				EB62B1E32BDD7A8A00036C15 /* Helper */,
				EB62B1DA2BDD053800036C15 /* Reusable */,
				EB0F433E2BDCFB6F006D2FB0 /* Extension */,
			);
			path = Utils;
			sourceTree = "<group>";
		};
		EB0F433E2BDCFB6F006D2FB0 /* Extension */ = {
			isa = PBXGroup;
			children = (
				EB0F433F2BDCFB88006D2FB0 /* Extension+UITextField.swift */,
				EB881E642BDE41B10045548E /* Extension+NotificationName.swift */,
			);
			path = Extension;
			sourceTree = "<group>";
		};
		EB62B1D52BDCFF2200036C15 /* Models */ = {
			isa = PBXGroup;
			children = (
				EB62B1D62BDCFF3700036C15 /* User.swift */,
			);
			path = Models;
			sourceTree = "<group>";
		};
		EB62B1DA2BDD053800036C15 /* Reusable */ = {
			isa = PBXGroup;
			children = (
				EB62B1DB2BDD054800036C15 /* ObservableObject.swift */,
				EB62B1EA2BDE0FEC00036C15 /* LocalDataManager.swift */,
			);
			path = Reusable;
			sourceTree = "<group>";
		};
		EB62B1E32BDD7A8A00036C15 /* Helper */ = {
			isa = PBXGroup;
			children = (
				EB62B1E42BDD7AA400036C15 /* StorageManager.swift */,
			);
			path = Helper;
			sourceTree = "<group>";
		};
/* End PBXGroup section */

/* Begin PBXNativeTarget section */
		EB0F43182BDCBE83006D2FB0 /* swift_test_2704 */ = {
			isa = PBXNativeTarget;
			buildConfigurationList = EB0F432D2BDCBE86006D2FB0 /* Build configuration list for PBXNativeTarget "swift_test_2704" */;
			buildPhases = (
				100DB184ECD04A8D3CB01316 /* [CP] Check Pods Manifest.lock */,
				EB0F43152BDCBE83006D2FB0 /* Sources */,
				EB0F43162BDCBE83006D2FB0 /* Frameworks */,
				EB0F43172BDCBE83006D2FB0 /* Resources */,
				E62351EE2BB991CAED7F9A4A /* [CP] Embed Pods Frameworks */,
			);
			buildRules = (
			);
			dependencies = (
			);
			name = swift_test_2704;
			productName = swift_test_2704;
			productReference = EB0F43192BDCBE83006D2FB0 /* swift_test_2704.app */;
			productType = "com.apple.product-type.application";
		};
/* End PBXNativeTarget section */

/* Begin PBXProject section */
		EB0F43112BDCBE83006D2FB0 /* Project object */ = {
			isa = PBXProject;
			attributes = {
				BuildIndependentTargetsInParallel = 1;
				LastSwiftUpdateCheck = 1530;
				LastUpgradeCheck = 1530;
				TargetAttributes = {
					EB0F43182BDCBE83006D2FB0 = {
						CreatedOnToolsVersion = 15.3;
					};
				};
			};
			buildConfigurationList = EB0F43142BDCBE83006D2FB0 /* Build configuration list for PBXProject "swift_test_2704" */;
			compatibilityVersion = "Xcode 14.0";
			developmentRegion = en;
			hasScannedForEncodings = 0;
			knownRegions = (
				en,
				Base,
			);
			mainGroup = EB0F43102BDCBE83006D2FB0;
			productRefGroup = EB0F431A2BDCBE83006D2FB0 /* Products */;
			projectDirPath = "";
			projectRoot = "";
			targets = (
				EB0F43182BDCBE83006D2FB0 /* swift_test_2704 */,
			);
		};
/* End PBXProject section */

/* Begin PBXResourcesBuildPhase section */
		EB0F43172BDCBE83006D2FB0 /* Resources */ = {
			isa = PBXResourcesBuildPhase;
			buildActionMask = 2147483647;
			files = (
				EB62B1D42BDCFEE700036C15 /* user.json in Resources */,
				EB0F43262BDCBE86006D2FB0 /* Assets.xcassets in Resources */,
				EB0F43292BDCBE86006D2FB0 /* Base in Resources */,
				EB0F43242BDCBE83006D2FB0 /* Base in Resources */,
				EB62B1E22BDD0F4500036C15 /* UserContactCell.xib in Resources */,
			);
			runOnlyForDeploymentPostprocessing = 0;
		};
/* End PBXResourcesBuildPhase section */

/* Begin PBXShellScriptBuildPhase section */
		100DB184ECD04A8D3CB01316 /* [CP] Check Pods Manifest.lock */ = {
			isa = PBXShellScriptBuildPhase;
			buildActionMask = 2147483647;
			files = (
			);
			inputFileListPaths = (
			);
			inputPaths = (
				"${PODS_PODFILE_DIR_PATH}/Podfile.lock",
				"${PODS_ROOT}/Manifest.lock",
			);
			name = "[CP] Check Pods Manifest.lock";
			outputFileListPaths = (
			);
			outputPaths = (
				"$(DERIVED_FILE_DIR)/Pods-swift_test_2704-checkManifestLockResult.txt",
			);
			runOnlyForDeploymentPostprocessing = 0;
			shellPath = /bin/sh;
			shellScript = "diff \"${PODS_PODFILE_DIR_PATH}/Podfile.lock\" \"${PODS_ROOT}/Manifest.lock\" > /dev/null\nif [ $? != 0 ] ; then\n    # print error to STDERR\n    echo \"error: The sandbox is not in sync with the Podfile.lock. Run 'pod install' or update your CocoaPods installation.\" >&2\n    exit 1\nfi\n# This output is used by Xcode 'outputs' to avoid re-running this script phase.\necho \"SUCCESS\" > \"${SCRIPT_OUTPUT_FILE_0}\"\n";
			showEnvVarsInLog = 0;
		};
		E62351EE2BB991CAED7F9A4A /* [CP] Embed Pods Frameworks */ = {
			isa = PBXShellScriptBuildPhase;
			buildActionMask = 2147483647;
			files = (
			);
			inputFileListPaths = (
				"${PODS_ROOT}/Target Support Files/Pods-swift_test_2704/Pods-swift_test_2704-frameworks-${CONFIGURATION}-input-files.xcfilelist",
			);
			name = "[CP] Embed Pods Frameworks";
			outputFileListPaths = (
				"${PODS_ROOT}/Target Support Files/Pods-swift_test_2704/Pods-swift_test_2704-frameworks-${CONFIGURATION}-output-files.xcfilelist",
			);
			runOnlyForDeploymentPostprocessing = 0;
			shellPath = /bin/sh;
			shellScript = "\"${PODS_ROOT}/Target Support Files/Pods-swift_test_2704/Pods-swift_test_2704-frameworks.sh\"\n";
			showEnvVarsInLog = 0;
		};
/* End PBXShellScriptBuildPhase section */

/* Begin PBXSourcesBuildPhase section */
		EB0F43152BDCBE83006D2FB0 /* Sources */ = {
			isa = PBXSourcesBuildPhase;
			buildActionMask = 2147483647;
			files = (
				EB0F433A2BDCD967006D2FB0 /* UpdatingDetailViewController.swift in Sources */,
				EB0F43362BDCCD66006D2FB0 /* ProfilePageViewController.swift in Sources */,
				EB62B1E12BDD0F4500036C15 /* UserContactCell.swift in Sources */,
				EB62B1E52BDD7AA400036C15 /* StorageManager.swift in Sources */,
				EB0F43342BDCCD52006D2FB0 /* HomePageViewController.swift in Sources */,
				EB62B1E92BDE0D3C00036C15 /* LoginPageViewModel.swift in Sources */,
				EB0F43422BDCFBE0006D2FB0 /* UpdateDetailViewModel.swift in Sources */,
				EB0F43382BDCD3E8006D2FB0 /* HomeTabBarController.swift in Sources */,
				EB62B1DC2BDD054800036C15 /* ObservableObject.swift in Sources */,
				EB0F43322BDCC42E006D2FB0 /* LoginPageViewController.swift in Sources */,
				EB62B1E72BDD7BFF00036C15 /* ContactListResultViewController.swift in Sources */,
				EB62B1ED2BDE2CA800036C15 /* ProfilePageViewModel.swift in Sources */,
				EB0F43402BDCFB88006D2FB0 /* Extension+UITextField.swift in Sources */,
				EB0F431D2BDCBE83006D2FB0 /* AppDelegate.swift in Sources */,
				EB881E652BDE41B10045548E /* Extension+NotificationName.swift in Sources */,
				EB62B1EB2BDE0FEC00036C15 /* LocalDataManager.swift in Sources */,
				EB62B1D72BDCFF3700036C15 /* User.swift in Sources */,
				EB0F431F2BDCBE83006D2FB0 /* SceneDelegate.swift in Sources */,
				EB62B1D92BDD03B500036C15 /* HomePageViewModel.swift in Sources */,
			);
			runOnlyForDeploymentPostprocessing = 0;
		};
/* End PBXSourcesBuildPhase section */

/* Begin PBXVariantGroup section */
		EB0F43222BDCBE83006D2FB0 /* Main.storyboard */ = {
			isa = PBXVariantGroup;
			children = (
				EB0F43232BDCBE83006D2FB0 /* Base */,
			);
			name = Main.storyboard;
			sourceTree = "<group>";
		};
		EB0F43272BDCBE86006D2FB0 /* LaunchScreen.storyboard */ = {
			isa = PBXVariantGroup;
			children = (
				EB0F43282BDCBE86006D2FB0 /* Base */,
			);
			name = LaunchScreen.storyboard;
			sourceTree = "<group>";
		};
/* End PBXVariantGroup section */

/* Begin XCBuildConfiguration section */
		EB0F432B2BDCBE86006D2FB0 /* Debug */ = {
			isa = XCBuildConfiguration;
			buildSettings = {
				ALWAYS_SEARCH_USER_PATHS = NO;
				ASSETCATALOG_COMPILER_GENERATE_SWIFT_ASSET_SYMBOL_EXTENSIONS = YES;
				CLANG_ANALYZER_NONNULL = YES;
				CLANG_ANALYZER_NUMBER_OBJECT_CONVERSION = YES_AGGRESSIVE;
				CLANG_CXX_LANGUAGE_STANDARD = "gnu++20";
				CLANG_ENABLE_MODULES = YES;
				CLANG_ENABLE_OBJC_ARC = YES;
				CLANG_ENABLE_OBJC_WEAK = YES;
				CLANG_WARN_BLOCK_CAPTURE_AUTORELEASING = YES;
				CLANG_WARN_BOOL_CONVERSION = YES;
				CLANG_WARN_COMMA = YES;
				CLANG_WARN_CONSTANT_CONVERSION = YES;
				CLANG_WARN_DEPRECATED_OBJC_IMPLEMENTATIONS = YES;
				CLANG_WARN_DIRECT_OBJC_ISA_USAGE = YES_ERROR;
				CLANG_WARN_DOCUMENTATION_COMMENTS = YES;
				CLANG_WARN_EMPTY_BODY = YES;
				CLANG_WARN_ENUM_CONVERSION = YES;
				CLANG_WARN_INFINITE_RECURSION = YES;
				CLANG_WARN_INT_CONVERSION = YES;
				CLANG_WARN_NON_LITERAL_NULL_CONVERSION = YES;
				CLANG_WARN_OBJC_IMPLICIT_RETAIN_SELF = YES;
				CLANG_WARN_OBJC_LITERAL_CONVERSION = YES;
				CLANG_WARN_OBJC_ROOT_CLASS = YES_ERROR;
				CLANG_WARN_QUOTED_INCLUDE_IN_FRAMEWORK_HEADER = YES;
				CLANG_WARN_RANGE_LOOP_ANALYSIS = YES;
				CLANG_WARN_STRICT_PROTOTYPES = YES;
				CLANG_WARN_SUSPICIOUS_MOVE = YES;
				CLANG_WARN_UNGUARDED_AVAILABILITY = YES_AGGRESSIVE;
				CLANG_WARN_UNREACHABLE_CODE = YES;
				CLANG_WARN__DUPLICATE_METHOD_MATCH = YES;
				COPY_PHASE_STRIP = NO;
				DEBUG_INFORMATION_FORMAT = dwarf;
				ENABLE_STRICT_OBJC_MSGSEND = YES;
				ENABLE_TESTABILITY = YES;
				ENABLE_USER_SCRIPT_SANDBOXING = YES;
				GCC_C_LANGUAGE_STANDARD = gnu17;
				GCC_DYNAMIC_NO_PIC = NO;
				GCC_NO_COMMON_BLOCKS = YES;
				GCC_OPTIMIZATION_LEVEL = 0;
				GCC_PREPROCESSOR_DEFINITIONS = (
					"DEBUG=1",
					"$(inherited)",
				);
				GCC_WARN_64_TO_32_BIT_CONVERSION = YES;
				GCC_WARN_ABOUT_RETURN_TYPE = YES_ERROR;
				GCC_WARN_UNDECLARED_SELECTOR = YES;
				GCC_WARN_UNINITIALIZED_AUTOS = YES_AGGRESSIVE;
				GCC_WARN_UNUSED_FUNCTION = YES;
				GCC_WARN_UNUSED_VARIABLE = YES;
				IPHONEOS_DEPLOYMENT_TARGET = 17.4;
				LOCALIZATION_PREFERS_STRING_CATALOGS = YES;
				MTL_ENABLE_DEBUG_INFO = INCLUDE_SOURCE;
				MTL_FAST_MATH = YES;
				ONLY_ACTIVE_ARCH = YES;
				SDKROOT = iphoneos;
				SWIFT_ACTIVE_COMPILATION_CONDITIONS = "DEBUG $(inherited)";
				SWIFT_OPTIMIZATION_LEVEL = "-Onone";
			};
			name = Debug;
		};
		EB0F432C2BDCBE86006D2FB0 /* Release */ = {
			isa = XCBuildConfiguration;
			buildSettings = {
				ALWAYS_SEARCH_USER_PATHS = NO;
				ASSETCATALOG_COMPILER_GENERATE_SWIFT_ASSET_SYMBOL_EXTENSIONS = YES;
				CLANG_ANALYZER_NONNULL = YES;
				CLANG_ANALYZER_NUMBER_OBJECT_CONVERSION = YES_AGGRESSIVE;
				CLANG_CXX_LANGUAGE_STANDARD = "gnu++20";
				CLANG_ENABLE_MODULES = YES;
				CLANG_ENABLE_OBJC_ARC = YES;
				CLANG_ENABLE_OBJC_WEAK = YES;
				CLANG_WARN_BLOCK_CAPTURE_AUTORELEASING = YES;
				CLANG_WARN_BOOL_CONVERSION = YES;
				CLANG_WARN_COMMA = YES;
				CLANG_WARN_CONSTANT_CONVERSION = YES;
				CLANG_WARN_DEPRECATED_OBJC_IMPLEMENTATIONS = YES;
				CLANG_WARN_DIRECT_OBJC_ISA_USAGE = YES_ERROR;
				CLANG_WARN_DOCUMENTATION_COMMENTS = YES;
				CLANG_WARN_EMPTY_BODY = YES;
				CLANG_WARN_ENUM_CONVERSION = YES;
				CLANG_WARN_INFINITE_RECURSION = YES;
				CLANG_WARN_INT_CONVERSION = YES;
				CLANG_WARN_NON_LITERAL_NULL_CONVERSION = YES;
				CLANG_WARN_OBJC_IMPLICIT_RETAIN_SELF = YES;
				CLANG_WARN_OBJC_LITERAL_CONVERSION = YES;
				CLANG_WARN_OBJC_ROOT_CLASS = YES_ERROR;
				CLANG_WARN_QUOTED_INCLUDE_IN_FRAMEWORK_HEADER = YES;
				CLANG_WARN_RANGE_LOOP_ANALYSIS = YES;
				CLANG_WARN_STRICT_PROTOTYPES = YES;
				CLANG_WARN_SUSPICIOUS_MOVE = YES;
				CLANG_WARN_UNGUARDED_AVAILABILITY = YES_AGGRESSIVE;
				CLANG_WARN_UNREACHABLE_CODE = YES;
				CLANG_WARN__DUPLICATE_METHOD_MATCH = YES;
				COPY_PHASE_STRIP = NO;
				DEBUG_INFORMATION_FORMAT = "dwarf-with-dsym";
				ENABLE_NS_ASSERTIONS = NO;
				ENABLE_STRICT_OBJC_MSGSEND = YES;
				ENABLE_USER_SCRIPT_SANDBOXING = YES;
				GCC_C_LANGUAGE_STANDARD = gnu17;
				GCC_NO_COMMON_BLOCKS = YES;
				GCC_WARN_64_TO_32_BIT_CONVERSION = YES;
				GCC_WARN_ABOUT_RETURN_TYPE = YES_ERROR;
				GCC_WARN_UNDECLARED_SELECTOR = YES;
				GCC_WARN_UNINITIALIZED_AUTOS = YES_AGGRESSIVE;
				GCC_WARN_UNUSED_FUNCTION = YES;
				GCC_WARN_UNUSED_VARIABLE = YES;
				IPHONEOS_DEPLOYMENT_TARGET = 17.4;
				LOCALIZATION_PREFERS_STRING_CATALOGS = YES;
				MTL_ENABLE_DEBUG_INFO = NO;
				MTL_FAST_MATH = YES;
				SDKROOT = iphoneos;
				SWIFT_COMPILATION_MODE = wholemodule;
				VALIDATE_PRODUCT = YES;
			};
			name = Release;
		};
		EB0F432E2BDCBE86006D2FB0 /* Debug */ = {
			isa = XCBuildConfiguration;
			baseConfigurationReference = F3EF380CBD0226496CD1463C /* Pods-swift_test_2704.debug.xcconfig */;
			buildSettings = {
				ASSETCATALOG_COMPILER_APPICON_NAME = AppIcon;
				ASSETCATALOG_COMPILER_GLOBAL_ACCENT_COLOR_NAME = AccentColor;
				CODE_SIGN_STYLE = Automatic;
				CURRENT_PROJECT_VERSION = 1;
				DEVELOPMENT_TEAM = GF9XU75JT7;
				ENABLE_USER_SCRIPT_SANDBOXING = NO;
				GENERATE_INFOPLIST_FILE = YES;
				INFOPLIST_FILE = swift_test_2704/Info.plist;
				INFOPLIST_KEY_UIApplicationSupportsIndirectInputEvents = YES;
				INFOPLIST_KEY_UILaunchStoryboardName = LaunchScreen;
				INFOPLIST_KEY_UIMainStoryboardFile = Main;
				INFOPLIST_KEY_UISupportedInterfaceOrientations_iPad = "UIInterfaceOrientationPortrait UIInterfaceOrientationPortraitUpsideDown UIInterfaceOrientationLandscapeLeft UIInterfaceOrientationLandscapeRight";
				INFOPLIST_KEY_UISupportedInterfaceOrientations_iPhone = "UIInterfaceOrientationPortrait UIInterfaceOrientationLandscapeLeft UIInterfaceOrientationLandscapeRight";
				IPHONEOS_DEPLOYMENT_TARGET = 13.0;
				LD_RUNPATH_SEARCH_PATHS = (
					"$(inherited)",
					"@executable_path/Frameworks",
				);
				MARKETING_VERSION = 1.0;
				PRODUCT_BUNDLE_IDENTIFIER = my.tstapp.swifttest;
				PRODUCT_NAME = "$(TARGET_NAME)";
				SWIFT_EMIT_LOC_STRINGS = YES;
				SWIFT_VERSION = 5.0;
				TARGETED_DEVICE_FAMILY = "1,2";
			};
			name = Debug;
		};
		EB0F432F2BDCBE86006D2FB0 /* Release */ = {
			isa = XCBuildConfiguration;
			baseConfigurationReference = A259758B61A3779CDF64CF83 /* Pods-swift_test_2704.release.xcconfig */;
			buildSettings = {
				ASSETCATALOG_COMPILER_APPICON_NAME = AppIcon;
				ASSETCATALOG_COMPILER_GLOBAL_ACCENT_COLOR_NAME = AccentColor;
				CODE_SIGN_STYLE = Automatic;
				CURRENT_PROJECT_VERSION = 1;
				DEVELOPMENT_TEAM = GF9XU75JT7;
				ENABLE_USER_SCRIPT_SANDBOXING = NO;
				GENERATE_INFOPLIST_FILE = YES;
				INFOPLIST_FILE = swift_test_2704/Info.plist;
				INFOPLIST_KEY_UIApplicationSupportsIndirectInputEvents = YES;
				INFOPLIST_KEY_UILaunchStoryboardName = LaunchScreen;
				INFOPLIST_KEY_UIMainStoryboardFile = Main;
				INFOPLIST_KEY_UISupportedInterfaceOrientations_iPad = "UIInterfaceOrientationPortrait UIInterfaceOrientationPortraitUpsideDown UIInterfaceOrientationLandscapeLeft UIInterfaceOrientationLandscapeRight";
				INFOPLIST_KEY_UISupportedInterfaceOrientations_iPhone = "UIInterfaceOrientationPortrait UIInterfaceOrientationLandscapeLeft UIInterfaceOrientationLandscapeRight";
				IPHONEOS_DEPLOYMENT_TARGET = 13.0;
				LD_RUNPATH_SEARCH_PATHS = (
					"$(inherited)",
					"@executable_path/Frameworks",
				);
				MARKETING_VERSION = 1.0;
				PRODUCT_BUNDLE_IDENTIFIER = my.tstapp.swifttest;
				PRODUCT_NAME = "$(TARGET_NAME)";
				SWIFT_EMIT_LOC_STRINGS = YES;
				SWIFT_VERSION = 5.0;
				TARGETED_DEVICE_FAMILY = "1,2";
			};
			name = Release;
		};
/* End XCBuildConfiguration section */

/* Begin XCConfigurationList section */
		EB0F43142BDCBE83006D2FB0 /* Build configuration list for PBXProject "swift_test_2704" */ = {
			isa = XCConfigurationList;
			buildConfigurations = (
				EB0F432B2BDCBE86006D2FB0 /* Debug */,
				EB0F432C2BDCBE86006D2FB0 /* Release */,
			);
			defaultConfigurationIsVisible = 0;
			defaultConfigurationName = Release;
		};
		EB0F432D2BDCBE86006D2FB0 /* Build configuration list for PBXNativeTarget "swift_test_2704" */ = {
			isa = XCConfigurationList;
			buildConfigurations = (
				EB0F432E2BDCBE86006D2FB0 /* Debug */,
				EB0F432F2BDCBE86006D2FB0 /* Release */,
			);
			defaultConfigurationIsVisible = 0;
			defaultConfigurationName = Release;
		};
/* End XCConfigurationList section */
	};
	rootObject = EB0F43112BDCBE83006D2FB0 /* Project object */;
}
